
Microsoft Visual Studio Solution File, Format Version 12.00
# Visual Studio Version 17
VisualStudioVersion = 17.8.34511.84
MinimumVisualStudioVersion = 10.0.40219.1
Project("{FAE04EC0-301F-11D3-BF4B-00C04F79EFBC}") = "MetinMadenciliği", "MetinMadenciliği\MetinMadenciliği.csproj", "{458E0F8B-F319-4C39-838E-BC569E72D1A5}"
EndProject
Global
	GlobalSection(SolutionConfigurationPlatforms) = preSolution
		Debug|Any CPU = Debug|Any CPU
		Release|Any CPU = Release|Any CPU
	EndGlobalSection
	GlobalSection(ProjectConfigurationPlatforms) = postSolution
		{458E0F8B-F319-4C39-838E-BC569E72D1A5}.Debug|Any CPU.ActiveCfg = Debug|Any CPU
		{458E0F8B-F319-4C39-838E-BC569E72D1A5}.Debug|Any CPU.Build.0 = Debug|Any CPU
		{458E0F8B-F319-4C39-838E-BC569E72D1A5}.Release|Any CPU.ActiveCfg = Release|Any CPU
		{458E0F8B-F319-4C39-838E-BC569E72D1A5}.Release|Any CPU.Build.0 = Release|Any CPU
	EndGlobalSection
	GlobalSection(SolutionProperties) = preSolution
		HideSolutionNode = FALSE
	EndGlobalSection
	GlobalSection(ExtensibilityGlobals) = postSolution
		SolutionGuid = {4DD1CEEE-D309-410C-B120-7D548EBDCEB6}
	EndGlobalSection
EndGlobal
